{
  "name": "RESPONSIVE_TRAVEL_AGENCY_SITE_IN_HTML5_AND_JAVASCRIPT_WITH_SOURCE_CODE",
  "lockfileVersion": 2,
  "requires": true,
  "packages": {
    "": {
      "dependencies": {
        "froala-editor": "^4.0.9"
      }
    },
    "node_modules/froala-editor": {
      "version": "4.0.9",
      "resolved": "https://registry.npmjs.org/froala-editor/-/froala-editor-4.0.9.tgz",
      "integrity": "sha512-vEeW8DvGyh/QFR3QWLKbzA2Hn+68ps3LLJagtGH5OUUgV0WEaqoDwtybnyVfpPJwS54VI2EvuazeXZwQ+giJ5g=="
    }
  },
  "dependencies": {
    "froala-editor": {
      "version": "4.0.9",
      "resolved": "https://registry.npmjs.org/froala-editor/-/froala-editor-4.0.9.tgz",
      "integrity": "sha512-vEeW8DvGyh/QFR3QWLKbzA2Hn+68ps3LLJagtGH5OUUgV0WEaqoDwtybnyVfpPJwS54VI2EvuazeXZwQ+giJ5g=="
    }
  }
}
